// !$*UTF8*$!
{
	archiveVersion = 1;
	classes = {
	};
	objectVersion = 77;
	objects = {

/* Begin PBXBuildFile section */
		BDE7270F2D8D62D400414762 /* MyIntent.intentdefinition in Sources */ = {isa = PBXBuildFile; fileRef = BDE7270E2D8D62D400414762 /* MyIntent.intentdefinition */; };
		BDE727172D8D633300414762 /* Intents.framework in Frameworks */ = {isa = PBXBuildFile; fileRef = BDE727162D8D633300414762 /* Intents.framework */; };
		BDE7271E2D8D633300414762 /* MyIntentWidget.appex in Embed Foundation Extensions */ = {isa = PBXBuildFile; fileRef = BDE727142D8D633300414762 /* MyIntentWidget.appex */; settings = {ATTRIBUTES = (RemoveHeadersOnCopy, ); }; };
		BDE727242D8D63BE00414762 /* MyIntent.intentdefinition in Sources */ = {isa = PBXBuildFile; fileRef = BDE7270E2D8D62D400414762 /* MyIntent.intentdefinition */; };
		BDE7273A2D8D667D00414762 /* Intent.swift in Sources */ = {isa = PBXBuildFile; fileRef = BDE727392D8D667D00414762 /* Intent.swift */; };
		BDE7273B2D8D667D00414762 /* Intent.swift in Sources */ = {isa = PBXBuildFile; fileRef = BDE727392D8D667D00414762 /* Intent.swift */; };
		BDE727582D8D72C100414762 /* IntentNew.swift in Sources */ = {isa = PBXBuildFile; fileRef = BDE727572D8D72C100414762 /* IntentNew.swift */; };
		BDE727592D8D72C100414762 /* IntentNew.swift in Sources */ = {isa = PBXBuildFile; fileRef = BDE727572D8D72C100414762 /* IntentNew.swift */; };
/* End PBXBuildFile section */

/* Begin PBXContainerItemProxy section */
		BDE7271C2D8D633300414762 /* PBXContainerItemProxy */ = {
			isa = PBXContainerItemProxy;
			containerPortal = BD80E7A62D8D6001005C73D0 /* Project object */;
			proxyType = 1;
			remoteGlobalIDString = BDE727132D8D633300414762;
			remoteInfo = MyIntentWidget;
		};
/* End PBXContainerItemProxy section */

/* Begin PBXCopyFilesBuildPhase section */
		BDE727232D8D633300414762 /* Embed Foundation Extensions */ = {
			isa = PBXCopyFilesBuildPhase;
			buildActionMask = 2147483647;
			dstPath = "";
			dstSubfolderSpec = 13;
			files = (
				BDE7271E2D8D633300414762 /* MyIntentWidget.appex in Embed Foundation Extensions */,
			);
			name = "Embed Foundation Extensions";
			runOnlyForDeploymentPostprocessing = 0;
		};
/* End PBXCopyFilesBuildPhase section */

/* Begin PBXFileReference section */
		BD80E7AE2D8D6001005C73D0 /* IntentDemo.app */ = {isa = PBXFileReference; explicitFileType = wrapper.application; includeInIndex = 0; path = IntentDemo.app; sourceTree = BUILT_PRODUCTS_DIR; };
		BDE7270E2D8D62D400414762 /* MyIntent.intentdefinition */ = {isa = PBXFileReference; lastKnownFileType = file.intentdefinition; path = MyIntent.intentdefinition; sourceTree = "<group>"; };
		BDE727142D8D633300414762 /* MyIntentWidget.appex */ = {isa = PBXFileReference; explicitFileType = "wrapper.app-extension"; includeInIndex = 0; path = MyIntentWidget.appex; sourceTree = BUILT_PRODUCTS_DIR; };
		BDE727162D8D633300414762 /* Intents.framework */ = {isa = PBXFileReference; lastKnownFileType = wrapper.framework; name = Intents.framework; path = System/Library/Frameworks/Intents.framework; sourceTree = SDKROOT; };
		BDE727392D8D667D00414762 /* Intent.swift */ = {isa = PBXFileReference; lastKnownFileType = sourcecode.swift; path = Intent.swift; sourceTree = "<group>"; };
		BDE727572D8D72C100414762 /* IntentNew.swift */ = {isa = PBXFileReference; lastKnownFileType = sourcecode.swift; path = IntentNew.swift; sourceTree = "<group>"; };
/* End PBXFileReference section */

/* Begin PBXFileSystemSynchronizedBuildFileExceptionSet section */
		BD80E7C02D8D6003005C73D0 /* Exceptions for "IntentDemo" folder in "IntentDemo" target */ = {
			isa = PBXFileSystemSynchronizedBuildFileExceptionSet;
			membershipExceptions = (
				Info.plist,
			);
			target = BD80E7AD2D8D6001005C73D0 /* IntentDemo */;
		};
		BDE727222D8D633300414762 /* Exceptions for "MyIntentWidget" folder in "MyIntentWidget" target */ = {
			isa = PBXFileSystemSynchronizedBuildFileExceptionSet;
			membershipExceptions = (
				Info.plist,
			);
			target = BDE727132D8D633300414762 /* MyIntentWidget */;
		};
/* End PBXFileSystemSynchronizedBuildFileExceptionSet section */

/* Begin PBXFileSystemSynchronizedRootGroup section */
		BD80E7B02D8D6001005C73D0 /* IntentDemo */ = {
			isa = PBXFileSystemSynchronizedRootGroup;
			exceptions = (
				BD80E7C02D8D6003005C73D0 /* Exceptions for "IntentDemo" folder in "IntentDemo" target */,
			);
			path = IntentDemo;
			sourceTree = "<group>";
		};
		BDE727182D8D633300414762 /* MyIntentWidget */ = {
			isa = PBXFileSystemSynchronizedRootGroup;
			exceptions = (
				BDE727222D8D633300414762 /* Exceptions for "MyIntentWidget" folder in "MyIntentWidget" target */,
			);
			path = MyIntentWidget;
			sourceTree = "<group>";
		};
/* End PBXFileSystemSynchronizedRootGroup section */

/* Begin PBXFrameworksBuildPhase section */
		BD80E7AB2D8D6001005C73D0 /* Frameworks */ = {
			isa = PBXFrameworksBuildPhase;
			buildActionMask = 2147483647;
			files = (
			);
			runOnlyForDeploymentPostprocessing = 0;
		};
		BDE727112D8D633300414762 /* Frameworks */ = {
			isa = PBXFrameworksBuildPhase;
			buildActionMask = 2147483647;
			files = (
				BDE727172D8D633300414762 /* Intents.framework in Frameworks */,
			);
			runOnlyForDeploymentPostprocessing = 0;
		};
/* End PBXFrameworksBuildPhase section */

/* Begin PBXGroup section */
		BD80E7A52D8D6001005C73D0 = {
			isa = PBXGroup;
			children = (
				BDE727572D8D72C100414762 /* IntentNew.swift */,
				BDE727392D8D667D00414762 /* Intent.swift */,
				BDE7270E2D8D62D400414762 /* MyIntent.intentdefinition */,
				BD80E7B02D8D6001005C73D0 /* IntentDemo */,
				BDE727182D8D633300414762 /* MyIntentWidget */,
				BDE727152D8D633300414762 /* Frameworks */,
				BD80E7AF2D8D6001005C73D0 /* Products */,
			);
			sourceTree = "<group>";
		};
		BD80E7AF2D8D6001005C73D0 /* Products */ = {
			isa = PBXGroup;
			children = (
				BD80E7AE2D8D6001005C73D0 /* IntentDemo.app */,
				BDE727142D8D633300414762 /* MyIntentWidget.appex */,
			);
			name = Products;
			sourceTree = "<group>";
		};
		BDE727152D8D633300414762 /* Frameworks */ = {
			isa = PBXGroup;
			children = (
				BDE727162D8D633300414762 /* Intents.framework */,
			);
			name = Frameworks;
			sourceTree = "<group>";
		};
/* End PBXGroup section */

/* Begin PBXNativeTarget section */
		BD80E7AD2D8D6001005C73D0 /* IntentDemo */ = {
			isa = PBXNativeTarget;
			buildConfigurationList = BD80E7C12D8D6003005C73D0 /* Build configuration list for PBXNativeTarget "IntentDemo" */;
			buildPhases = (
				BD80E7AA2D8D6001005C73D0 /* Sources */,
				BD80E7AB2D8D6001005C73D0 /* Frameworks */,
				BD80E7AC2D8D6001005C73D0 /* Resources */,
				BDE727232D8D633300414762 /* Embed Foundation Extensions */,
			);
			buildRules = (
			);
			dependencies = (
				BDE7271D2D8D633300414762 /* PBXTargetDependency */,
			);
			fileSystemSynchronizedGroups = (
				BD80E7B02D8D6001005C73D0 /* IntentDemo */,
			);
			name = IntentDemo;
			packageProductDependencies = (
			);
			productName = IntentDemo;
			productReference = BD80E7AE2D8D6001005C73D0 /* IntentDemo.app */;
			productType = "com.apple.product-type.application";
		};
		BDE727132D8D633300414762 /* MyIntentWidget */ = {
			isa = PBXNativeTarget;
			buildConfigurationList = BDE7271F2D8D633300414762 /* Build configuration list for PBXNativeTarget "MyIntentWidget" */;
			buildPhases = (
				BDE727102D8D633300414762 /* Sources */,
				BDE727112D8D633300414762 /* Frameworks */,
				BDE727122D8D633300414762 /* Resources */,
			);
			buildRules = (
			);
			dependencies = (
			);
			fileSystemSynchronizedGroups = (
				BDE727182D8D633300414762 /* MyIntentWidget */,
			);
			name = MyIntentWidget;
			packageProductDependencies = (
			);
			productName = MyIntentWidget;
			productReference = BDE727142D8D633300414762 /* MyIntentWidget.appex */;
			productType = "com.apple.product-type.app-extension";
		};
/* End PBXNativeTarget section */

/* Begin PBXProject section */
		BD80E7A62D8D6001005C73D0 /* Project object */ = {
			isa = PBXProject;
			attributes = {
				BuildIndependentTargetsInParallel = 1;
				LastSwiftUpdateCheck = 1620;
				LastUpgradeCheck = 1620;
				TargetAttributes = {
					BD80E7AD2D8D6001005C73D0 = {
						CreatedOnToolsVersion = 16.2;
					};
					BDE727132D8D633300414762 = {
						CreatedOnToolsVersion = 16.2;
					};
				};
			};
			buildConfigurationList = BD80E7A92D8D6001005C73D0 /* Build configuration list for PBXProject "IntentDemo" */;
			developmentRegion = en;
			hasScannedForEncodings = 0;
			knownRegions = (
				en,
				Base,
			);
			mainGroup = BD80E7A52D8D6001005C73D0;
			minimizedProjectReferenceProxies = 1;
			preferredProjectObjectVersion = 77;
			productRefGroup = BD80E7AF2D8D6001005C73D0 /* Products */;
			projectDirPath = "";
			projectRoot = "";
			targets = (
				BD80E7AD2D8D6001005C73D0 /* IntentDemo */,
				BDE727132D8D633300414762 /* MyIntentWidget */,
			);
		};
/* End PBXProject section */

/* Begin PBXResourcesBuildPhase section */
		BD80E7AC2D8D6001005C73D0 /* Resources */ = {
			isa = PBXResourcesBuildPhase;
			buildActionMask = 2147483647;
			files = (
			);
			runOnlyForDeploymentPostprocessing = 0;
		};
		BDE727122D8D633300414762 /* Resources */ = {
			isa = PBXResourcesBuildPhase;
			buildActionMask = 2147483647;
			files = (
			);
			runOnlyForDeploymentPostprocessing = 0;
		};
/* End PBXResourcesBuildPhase section */

/* Begin PBXSourcesBuildPhase section */
		BD80E7AA2D8D6001005C73D0 /* Sources */ = {
			isa = PBXSourcesBuildPhase;
			buildActionMask = 2147483647;
			files = (
				BDE7270F2D8D62D400414762 /* MyIntent.intentdefinition in Sources */,
				BDE7273A2D8D667D00414762 /* Intent.swift in Sources */,
				BDE727592D8D72C100414762 /* IntentNew.swift in Sources */,
			);
			runOnlyForDeploymentPostprocessing = 0;
		};
		BDE727102D8D633300414762 /* Sources */ = {
			isa = PBXSourcesBuildPhase;
			buildActionMask = 2147483647;
			files = (
				BDE727242D8D63BE00414762 /* MyIntent.intentdefinition in Sources */,
				BDE727582D8D72C100414762 /* IntentNew.swift in Sources */,
				BDE7273B2D8D667D00414762 /* Intent.swift in Sources */,
			);
			runOnlyForDeploymentPostprocessing = 0;
		};
/* End PBXSourcesBuildPhase section */

/* Begin PBXTargetDependency section */
		BDE7271D2D8D633300414762 /* PBXTargetDependency */ = {
			isa = PBXTargetDependency;
			target = BDE727132D8D633300414762 /* MyIntentWidget */;
			targetProxy = BDE7271C2D8D633300414762 /* PBXContainerItemProxy */;
		};
/* End PBXTargetDependency section */

/* Begin XCBuildConfiguration section */
		BD80E7C22D8D6003005C73D0 /* Debug */ = {
			isa = XCBuildConfiguration;
			buildSettings = {
				ASSETCATALOG_COMPILER_APPICON_NAME = AppIcon;
				ASSETCATALOG_COMPILER_GLOBAL_ACCENT_COLOR_NAME = AccentColor;
				CODE_SIGN_STYLE = Automatic;
				CURRENT_PROJECT_VERSION = 1;
				DEVELOPMENT_TEAM = 3R4AW678R7;
				GENERATE_INFOPLIST_FILE = YES;
				INFOPLIST_FILE = IntentDemo/Info.plist;
				INFOPLIST_KEY_UIApplicationSupportsIndirectInputEvents = YES;
				INFOPLIST_KEY_UILaunchStoryboardName = LaunchScreen;
				INFOPLIST_KEY_UIMainStoryboardFile = Main;
				INFOPLIST_KEY_UISupportedInterfaceOrientations_iPad = "UIInterfaceOrientationPortrait UIInterfaceOrientationPortraitUpsideDown UIInterfaceOrientationLandscapeLeft UIInterfaceOrientationLandscapeRight";
				INFOPLIST_KEY_UISupportedInterfaceOrientations_iPhone = "UIInterfaceOrientationPortrait UIInterfaceOrientationLandscapeLeft UIInterfaceOrientationLandscapeRight";
				IPHONEOS_DEPLOYMENT_TARGET = 16.6;
				LD_RUNPATH_SEARCH_PATHS = (
					"$(inherited)",
					"@executable_path/Frameworks",
				);
				MARKETING_VERSION = 1.0;
				PRODUCT_BUNDLE_IDENTIFIER = HYFDynamicIslandcom.IntentDemo;
				PRODUCT_NAME = "$(TARGET_NAME)";
				SUPPORTED_PLATFORMS = "iphoneos iphonesimulator";
				SUPPORTS_MACCATALYST = NO;
				SUPPORTS_MAC_DESIGNED_FOR_IPHONE_IPAD = NO;
				SUPPORTS_XR_DESIGNED_FOR_IPHONE_IPAD = NO;
				SWIFT_EMIT_LOC_STRINGS = YES;
				SWIFT_VERSION = 5.0;
				TARGETED_DEVICE_FAMILY = "1,2";
			};
			name = Debug;
		};
		BD80E7C32D8D6003005C73D0 /* Release */ = {
			isa = XCBuildConfiguration;
			buildSettings = {
				ASSETCATALOG_COMPILER_APPICON_NAME = AppIcon;
				ASSETCATALOG_COMPILER_GLOBAL_ACCENT_COLOR_NAME = AccentColor;
				CODE_SIGN_STYLE = Automatic;
				CURRENT_PROJECT_VERSION = 1;
				DEVELOPMENT_TEAM = 3R4AW678R7;
				GENERATE_INFOPLIST_FILE = YES;
				INFOPLIST_FILE = IntentDemo/Info.plist;
				INFOPLIST_KEY_UIApplicationSupportsIndirectInputEvents = YES;
				INFOPLIST_KEY_UILaunchStoryboardName = LaunchScreen;
				INFOPLIST_KEY_UIMainStoryboardFile = Main;
				INFOPLIST_KEY_UISupportedInterfaceOrientations_iPad = "UIInterfaceOrientationPortrait UIInterfaceOrientationPortraitUpsideDown UIInterfaceOrientationLandscapeLeft UIInterfaceOrientationLandscapeRight";
				INFOPLIST_KEY_UISupportedInterfaceOrientations_iPhone = "UIInterfaceOrientationPortrait UIInterfaceOrientationLandscapeLeft UIInterfaceOrientationLandscapeRight";
				IPHONEOS_DEPLOYMENT_TARGET = 16.6;
				LD_RUNPATH_SEARCH_PATHS = (
					"$(inherited)",
					"@executable_path/Frameworks",
				);
				MARKETING_VERSION = 1.0;
				PRODUCT_BUNDLE_IDENTIFIER = HYFDynamicIslandcom.IntentDemo;
				PRODUCT_NAME = "$(TARGET_NAME)";
				SUPPORTED_PLATFORMS = "iphoneos iphonesimulator";
				SUPPORTS_MACCATALYST = NO;
				SUPPORTS_MAC_DESIGNED_FOR_IPHONE_IPAD = NO;
				SUPPORTS_XR_DESIGNED_FOR_IPHONE_IPAD = NO;
				SWIFT_EMIT_LOC_STRINGS = YES;
				SWIFT_VERSION = 5.0;
				TARGETED_DEVICE_FAMILY = "1,2";
			};
			name = Release;
		};
		BD80E7C42D8D6003005C73D0 /* Debug */ = {
			isa = XCBuildConfiguration;
			buildSettings = {
				ALWAYS_SEARCH_USER_PATHS = NO;
				ASSETCATALOG_COMPILER_GENERATE_SWIFT_ASSET_SYMBOL_EXTENSIONS = YES;
				CLANG_ANALYZER_NONNULL = YES;
				CLANG_ANALYZER_NUMBER_OBJECT_CONVERSION = YES_AGGRESSIVE;
				CLANG_CXX_LANGUAGE_STANDARD = "gnu++20";
				CLANG_ENABLE_MODULES = YES;
				CLANG_ENABLE_OBJC_ARC = YES;
				CLANG_ENABLE_OBJC_WEAK = YES;
				CLANG_WARN_BLOCK_CAPTURE_AUTORELEASING = YES;
				CLANG_WARN_BOOL_CONVERSION = YES;
				CLANG_WARN_COMMA = YES;
				CLANG_WARN_CONSTANT_CONVERSION = YES;
				CLANG_WARN_DEPRECATED_OBJC_IMPLEMENTATIONS = YES;
				CLANG_WARN_DIRECT_OBJC_ISA_USAGE = YES_ERROR;
				CLANG_WARN_DOCUMENTATION_COMMENTS = YES;
				CLANG_WARN_EMPTY_BODY = YES;
				CLANG_WARN_ENUM_CONVERSION = YES;
				CLANG_WARN_INFINITE_RECURSION = YES;
				CLANG_WARN_INT_CONVERSION = YES;
				CLANG_WARN_NON_LITERAL_NULL_CONVERSION = YES;
				CLANG_WARN_OBJC_IMPLICIT_RETAIN_SELF = YES;
				CLANG_WARN_OBJC_LITERAL_CONVERSION = YES;
				CLANG_WARN_OBJC_ROOT_CLASS = YES_ERROR;
				CLANG_WARN_QUOTED_INCLUDE_IN_FRAMEWORK_HEADER = YES;
				CLANG_WARN_RANGE_LOOP_ANALYSIS = YES;
				CLANG_WARN_STRICT_PROTOTYPES = YES;
				CLANG_WARN_SUSPICIOUS_MOVE = YES;
				CLANG_WARN_UNGUARDED_AVAILABILITY = YES_AGGRESSIVE;
				CLANG_WARN_UNREACHABLE_CODE = YES;
				CLANG_WARN__DUPLICATE_METHOD_MATCH = YES;
				COPY_PHASE_STRIP = NO;
				DEBUG_INFORMATION_FORMAT = dwarf;
				ENABLE_STRICT_OBJC_MSGSEND = YES;
				ENABLE_TESTABILITY = YES;
				ENABLE_USER_SCRIPT_SANDBOXING = YES;
				GCC_C_LANGUAGE_STANDARD = gnu17;
				GCC_DYNAMIC_NO_PIC = NO;
				GCC_NO_COMMON_BLOCKS = YES;
				GCC_OPTIMIZATION_LEVEL = 0;
				GCC_PREPROCESSOR_DEFINITIONS = (
					"DEBUG=1",
					"$(inherited)",
				);
				GCC_WARN_64_TO_32_BIT_CONVERSION = YES;
				GCC_WARN_ABOUT_RETURN_TYPE = YES_ERROR;
				GCC_WARN_UNDECLARED_SELECTOR = YES;
				GCC_WARN_UNINITIALIZED_AUTOS = YES_AGGRESSIVE;
				GCC_WARN_UNUSED_FUNCTION = YES;
				GCC_WARN_UNUSED_VARIABLE = YES;
				IPHONEOS_DEPLOYMENT_TARGET = 16.6;
				LOCALIZATION_PREFERS_STRING_CATALOGS = YES;
				MTL_ENABLE_DEBUG_INFO = INCLUDE_SOURCE;
				MTL_FAST_MATH = YES;
				ONLY_ACTIVE_ARCH = YES;
				SDKROOT = iphoneos;
				SWIFT_ACTIVE_COMPILATION_CONDITIONS = "DEBUG $(inherited)";
				SWIFT_OPTIMIZATION_LEVEL = "-Onone";
			};
			name = Debug;
		};
		BD80E7C52D8D6003005C73D0 /* Release */ = {
			isa = XCBuildConfiguration;
			buildSettings = {
				ALWAYS_SEARCH_USER_PATHS = NO;
				ASSETCATALOG_COMPILER_GENERATE_SWIFT_ASSET_SYMBOL_EXTENSIONS = YES;
				CLANG_ANALYZER_NONNULL = YES;
				CLANG_ANALYZER_NUMBER_OBJECT_CONVERSION = YES_AGGRESSIVE;
				CLANG_CXX_LANGUAGE_STANDARD = "gnu++20";
				CLANG_ENABLE_MODULES = YES;
				CLANG_ENABLE_OBJC_ARC = YES;
				CLANG_ENABLE_OBJC_WEAK = YES;
				CLANG_WARN_BLOCK_CAPTURE_AUTORELEASING = YES;
				CLANG_WARN_BOOL_CONVERSION = YES;
				CLANG_WARN_COMMA = YES;
				CLANG_WARN_CONSTANT_CONVERSION = YES;
				CLANG_WARN_DEPRECATED_OBJC_IMPLEMENTATIONS = YES;
				CLANG_WARN_DIRECT_OBJC_ISA_USAGE = YES_ERROR;
				CLANG_WARN_DOCUMENTATION_COMMENTS = YES;
				CLANG_WARN_EMPTY_BODY = YES;
				CLANG_WARN_ENUM_CONVERSION = YES;
				CLANG_WARN_INFINITE_RECURSION = YES;
				CLANG_WARN_INT_CONVERSION = YES;
				CLANG_WARN_NON_LITERAL_NULL_CONVERSION = YES;
				CLANG_WARN_OBJC_IMPLICIT_RETAIN_SELF = YES;
				CLANG_WARN_OBJC_LITERAL_CONVERSION = YES;
				CLANG_WARN_OBJC_ROOT_CLASS = YES_ERROR;
				CLANG_WARN_QUOTED_INCLUDE_IN_FRAMEWORK_HEADER = YES;
				CLANG_WARN_RANGE_LOOP_ANALYSIS = YES;
				CLANG_WARN_STRICT_PROTOTYPES = YES;
				CLANG_WARN_SUSPICIOUS_MOVE = YES;
				CLANG_WARN_UNGUARDED_AVAILABILITY = YES_AGGRESSIVE;
				CLANG_WARN_UNREACHABLE_CODE = YES;
				CLANG_WARN__DUPLICATE_METHOD_MATCH = YES;
				COPY_PHASE_STRIP = NO;
				DEBUG_INFORMATION_FORMAT = "dwarf-with-dsym";
				ENABLE_NS_ASSERTIONS = NO;
				ENABLE_STRICT_OBJC_MSGSEND = YES;
				ENABLE_USER_SCRIPT_SANDBOXING = YES;
				GCC_C_LANGUAGE_STANDARD = gnu17;
				GCC_NO_COMMON_BLOCKS = YES;
				GCC_WARN_64_TO_32_BIT_CONVERSION = YES;
				GCC_WARN_ABOUT_RETURN_TYPE = YES_ERROR;
				GCC_WARN_UNDECLARED_SELECTOR = YES;
				GCC_WARN_UNINITIALIZED_AUTOS = YES_AGGRESSIVE;
				GCC_WARN_UNUSED_FUNCTION = YES;
				GCC_WARN_UNUSED_VARIABLE = YES;
				IPHONEOS_DEPLOYMENT_TARGET = 16.6;
				LOCALIZATION_PREFERS_STRING_CATALOGS = YES;
				MTL_ENABLE_DEBUG_INFO = NO;
				MTL_FAST_MATH = YES;
				SDKROOT = iphoneos;
				SWIFT_COMPILATION_MODE = wholemodule;
				VALIDATE_PRODUCT = YES;
			};
			name = Release;
		};
		BDE727202D8D633300414762 /* Debug */ = {
			isa = XCBuildConfiguration;
			buildSettings = {
				CODE_SIGN_STYLE = Automatic;
				CURRENT_PROJECT_VERSION = 1;
				DEVELOPMENT_TEAM = 3R4AW678R7;
				GENERATE_INFOPLIST_FILE = YES;
				INFOPLIST_FILE = MyIntentWidget/Info.plist;
				INFOPLIST_KEY_CFBundleDisplayName = MyIntentWidget;
				INFOPLIST_KEY_NSHumanReadableCopyright = "";
				IPHONEOS_DEPLOYMENT_TARGET = 16.6;
				LD_RUNPATH_SEARCH_PATHS = (
					"$(inherited)",
					"@executable_path/Frameworks",
					"@executable_path/../../Frameworks",
				);
				MARKETING_VERSION = 1.0;
				PRODUCT_BUNDLE_IDENTIFIER = HYFDynamicIslandcom.IntentDemo.MyIntentWidget;
				PRODUCT_NAME = "$(TARGET_NAME)";
				SKIP_INSTALL = YES;
				SUPPORTED_PLATFORMS = "iphoneos iphonesimulator";
				SUPPORTS_MACCATALYST = NO;
				SUPPORTS_MAC_DESIGNED_FOR_IPHONE_IPAD = NO;
				SUPPORTS_XR_DESIGNED_FOR_IPHONE_IPAD = NO;
				SWIFT_EMIT_LOC_STRINGS = YES;
				SWIFT_VERSION = 5.0;
				TARGETED_DEVICE_FAMILY = 1;
			};
			name = Debug;
		};
		BDE727212D8D633300414762 /* Release */ = {
			isa = XCBuildConfiguration;
			buildSettings = {
				CODE_SIGN_STYLE = Automatic;
				CURRENT_PROJECT_VERSION = 1;
				DEVELOPMENT_TEAM = 3R4AW678R7;
				GENERATE_INFOPLIST_FILE = YES;
				INFOPLIST_FILE = MyIntentWidget/Info.plist;
				INFOPLIST_KEY_CFBundleDisplayName = MyIntentWidget;
				INFOPLIST_KEY_NSHumanReadableCopyright = "";
				IPHONEOS_DEPLOYMENT_TARGET = 16.6;
				LD_RUNPATH_SEARCH_PATHS = (
					"$(inherited)",
					"@executable_path/Frameworks",
					"@executable_path/../../Frameworks",
				);
				MARKETING_VERSION = 1.0;
				PRODUCT_BUNDLE_IDENTIFIER = HYFDynamicIslandcom.IntentDemo.MyIntentWidget;
				PRODUCT_NAME = "$(TARGET_NAME)";
				SKIP_INSTALL = YES;
				SUPPORTED_PLATFORMS = "iphoneos iphonesimulator";
				SUPPORTS_MACCATALYST = NO;
				SUPPORTS_MAC_DESIGNED_FOR_IPHONE_IPAD = NO;
				SUPPORTS_XR_DESIGNED_FOR_IPHONE_IPAD = NO;
				SWIFT_EMIT_LOC_STRINGS = YES;
				SWIFT_VERSION = 5.0;
				TARGETED_DEVICE_FAMILY = 1;
			};
			name = Release;
		};
/* End XCBuildConfiguration section */

/* Begin XCConfigurationList section */
		BD80E7A92D8D6001005C73D0 /* Build configuration list for PBXProject "IntentDemo" */ = {
			isa = XCConfigurationList;
			buildConfigurations = (
				BD80E7C42D8D6003005C73D0 /* Debug */,
				BD80E7C52D8D6003005C73D0 /* Release */,
			);
			defaultConfigurationIsVisible = 0;
			defaultConfigurationName = Release;
		};
		BD80E7C12D8D6003005C73D0 /* Build configuration list for PBXNativeTarget "IntentDemo" */ = {
			isa = XCConfigurationList;
			buildConfigurations = (
				BD80E7C22D8D6003005C73D0 /* Debug */,
				BD80E7C32D8D6003005C73D0 /* Release */,
			);
			defaultConfigurationIsVisible = 0;
			defaultConfigurationName = Release;
		};
		BDE7271F2D8D633300414762 /* Build configuration list for PBXNativeTarget "MyIntentWidget" */ = {
			isa = XCConfigurationList;
			buildConfigurations = (
				BDE727202D8D633300414762 /* Debug */,
				BDE727212D8D633300414762 /* Release */,
			);
			defaultConfigurationIsVisible = 0;
			defaultConfigurationName = Release;
		};
/* End XCConfigurationList section */
	};
	rootObject = BD80E7A62D8D6001005C73D0 /* Project object */;
}
